
Microsoft Visual Studio Solution File, Format Version 12.00
# Visual Studio Version 16
VisualStudioVersion = 16.0.30225.117
MinimumVisualStudioVersion = 10.0.40219.1
Project("{FAE04EC0-301F-11D3-BF4B-00C04F79EFBC}") = "Recipes", "Recipes\Recipes.csproj", "{3F891392-9794-45CD-9D65-81AF3B7FF174}"
EndProject
Global
	GlobalSection(SolutionConfigurationPlatforms) = preSolution
		Debug|Any CPU = Debug|Any CPU
		Release|Any CPU = Release|Any CPU
	EndGlobalSection
	GlobalSection(ProjectConfigurationPlatforms) = postSolution
		{3F891392-9794-45CD-9D65-81AF3B7FF174}.Debug|Any CPU.ActiveCfg = Debug|Any CPU
		{3F891392-9794-45CD-9D65-81AF3B7FF174}.Debug|Any CPU.Build.0 = Debug|Any CPU
		{3F891392-9794-45CD-9D65-81AF3B7FF174}.Release|Any CPU.ActiveCfg = Release|Any CPU
		{3F891392-9794-45CD-9D65-81AF3B7FF174}.Release|Any CPU.Build.0 = Release|Any CPU
	EndGlobalSection
	GlobalSection(SolutionProperties) = preSolution
		HideSolutionNode = FALSE
	EndGlobalSection
	GlobalSection(ExtensibilityGlobals) = postSolution
		SolutionGuid = {1CB25FCE-BAC6-4CDE-B3D7-7638A8906233}
	EndGlobalSection
EndGlobal
